
Microsoft Visual Studio Solution File, Format Version 12.00
# Visual Studio Version 16
VisualStudioVersion = 16.0.30309.148
MinimumVisualStudioVersion = 10.0.40219.1
Project("{9A19103F-16F7-4668-BE54-9A1E7A4F7556}") = "CIVersionPropsWriter", "src\CIVersionPropsWriter\CIVersionPropsWriter.csproj", "{FD89C2C6-D3E9-44D1-B239-AA20EE2D4F79}"
EndProject
Project("{9A19103F-16F7-4668-BE54-9A1E7A4F7556}") = "CIVersionPropsWriter.Tests", "tests\CIVersionPropsWriter.Tests\CIVersionPropsWriter.Tests.csproj", "{6AEC8D3A-8176-410E-B29D-9947208152EB}"
EndProject
Project("{2150E333-8FDC-42A3-9474-1A3956D46DE8}") = "Solution Items", "Solution Items", "{0F428309-24B3-4419-84FF-9D70C61B6E2E}"
	ProjectSection(SolutionItems) = preProject
		.github\workflows\build.yml = .github\workflows\build.yml
		Directory.Build.props = Directory.Build.props
		README.md = README.md
		VersionInfo.props = VersionInfo.props
	EndProjectSection
EndProject
Global
	GlobalSection(SolutionConfigurationPlatforms) = preSolution
		Debug|Any CPU = Debug|Any CPU
		Release|Any CPU = Release|Any CPU
	EndGlobalSection
	GlobalSection(ProjectConfigurationPlatforms) = postSolution
		{FD89C2C6-D3E9-44D1-B239-AA20EE2D4F79}.Debug|Any CPU.ActiveCfg = Debug|Any CPU
		{FD89C2C6-D3E9-44D1-B239-AA20EE2D4F79}.Debug|Any CPU.Build.0 = Debug|Any CPU
		{FD89C2C6-D3E9-44D1-B239-AA20EE2D4F79}.Release|Any CPU.ActiveCfg = Release|Any CPU
		{FD89C2C6-D3E9-44D1-B239-AA20EE2D4F79}.Release|Any CPU.Build.0 = Release|Any CPU
		{6AEC8D3A-8176-410E-B29D-9947208152EB}.Debug|Any CPU.ActiveCfg = Debug|Any CPU
		{6AEC8D3A-8176-410E-B29D-9947208152EB}.Debug|Any CPU.Build.0 = Debug|Any CPU
		{6AEC8D3A-8176-410E-B29D-9947208152EB}.Release|Any CPU.ActiveCfg = Release|Any CPU
		{6AEC8D3A-8176-410E-B29D-9947208152EB}.Release|Any CPU.Build.0 = Release|Any CPU
	EndGlobalSection
	GlobalSection(SolutionProperties) = preSolution
		HideSolutionNode = FALSE
	EndGlobalSection
	GlobalSection(ExtensibilityGlobals) = postSolution
		SolutionGuid = {AEF8AA51-38E5-461A-9A17-82036D2A1AFF}
	EndGlobalSection
EndGlobal
